{
  "name": "server-remote",
  "version": "0.0.0",
  "lockfileVersion": 1,
  "requires": true,
  "dependencies": {
    "@types/node": {
      "version": "8.10.53",
      "resolved": "https://registry.npmjs.org/@types/node/-/node-8.10.53.tgz",
      "integrity": "sha512-aOmXdv1a1/vYUn1OT1CED8ftbkmmYbKhKGSyMDeJiidLvKRKvZUQOdXwG/wcNY7T1Qb0XTlVdiYjIq00U7pLrQ==",
      "dev": true
    },
    "typescript": {
      "version": "3.6.2",
      "resolved": "https://registry.npmjs.org/typescript/-/typescript-3.6.2.tgz",
      "integrity": "sha512-lmQ4L+J6mnu3xweP8+rOrUwzmN+MRAj7TgtJtDaXE5PMyX2kCrklhg3rvOsOIfNeAWMQWO2F1GPc1kMD2vLAfw==",
      "dev": true
    }
  }
}
